
Microsoft Visual Studio Solution File, Format Version 12.00
# Visual Studio Version 17
VisualStudioVersion = 17.0.31903.59
MinimumVisualStudioVersion = 10.0.40219.1
Project("{2150E333-8FDC-42A3-9474-1A3956D46DE8}") = "src", "src", "{D28785D8-D57D-4DA8-BAF4-D9EF5C5DDDC0}"
EndProject
Project("{FAE04EC0-301F-11D3-BF4B-00C04F79EFBC}") = "MvvmMapper.Core", "src\MvvmMapper.Core\MvvmMapper.Core.csproj", "{72969D8F-BC9B-475B-A494-241D536AC779}"
EndProject
Project("{FAE04EC0-301F-11D3-BF4B-00C04F79EFBC}") = "MvvmMapper.Cli", "src\MvvmMapper.Cli\MvvmMapper.Cli.csproj", "{8A77EC1B-E0EB-4F72-9130-4F1AF69544E9}"
EndProject
Project("{2150E333-8FDC-42A3-9474-1A3956D46DE8}") = "tests", "tests", "{2BCDD6C2-A9A7-465A-8854-73F8287D0117}"
EndProject
Project("{FAE04EC0-301F-11D3-BF4B-00C04F79EFBC}") = "MvvmMapper.Core.Tests", "tests\MvvmMapper.Core.Tests\MvvmMapper.Core.Tests.csproj", "{0153B2CA-66A5-4541-818B-0DE7F90DAF43}"
EndProject
Project("{FAE04EC0-301F-11D3-BF4B-00C04F79EFBC}") = "MvvmMapper.Cli.Tests", "tests\MvvmMapper.Cli.Tests\MvvmMapper.Cli.Tests.csproj", "{8C13A41D-6B83-4D25-99C0-98448A3C524E}"
EndProject
Global
	GlobalSection(SolutionConfigurationPlatforms) = preSolution
		Debug|Any CPU = Debug|Any CPU
		Release|Any CPU = Release|Any CPU
	EndGlobalSection
	GlobalSection(SolutionProperties) = preSolution
		HideSolutionNode = FALSE
	EndGlobalSection
	GlobalSection(ProjectConfigurationPlatforms) = postSolution
		{72969D8F-BC9B-475B-A494-241D536AC779}.Debug|Any CPU.ActiveCfg = Debug|Any CPU
		{72969D8F-BC9B-475B-A494-241D536AC779}.Debug|Any CPU.Build.0 = Debug|Any CPU
		{72969D8F-BC9B-475B-A494-241D536AC779}.Release|Any CPU.ActiveCfg = Release|Any CPU
		{72969D8F-BC9B-475B-A494-241D536AC779}.Release|Any CPU.Build.0 = Release|Any CPU
		{8A77EC1B-E0EB-4F72-9130-4F1AF69544E9}.Debug|Any CPU.ActiveCfg = Debug|Any CPU
		{8A77EC1B-E0EB-4F72-9130-4F1AF69544E9}.Debug|Any CPU.Build.0 = Debug|Any CPU
		{8A77EC1B-E0EB-4F72-9130-4F1AF69544E9}.Release|Any CPU.ActiveCfg = Release|Any CPU
		{8A77EC1B-E0EB-4F72-9130-4F1AF69544E9}.Release|Any CPU.Build.0 = Release|Any CPU
		{0153B2CA-66A5-4541-818B-0DE7F90DAF43}.Debug|Any CPU.ActiveCfg = Debug|Any CPU
		{0153B2CA-66A5-4541-818B-0DE7F90DAF43}.Debug|Any CPU.Build.0 = Debug|Any CPU
		{0153B2CA-66A5-4541-818B-0DE7F90DAF43}.Release|Any CPU.ActiveCfg = Release|Any CPU
		{0153B2CA-66A5-4541-818B-0DE7F90DAF43}.Release|Any CPU.Build.0 = Release|Any CPU
		{8C13A41D-6B83-4D25-99C0-98448A3C524E}.Debug|Any CPU.ActiveCfg = Debug|Any CPU
		{8C13A41D-6B83-4D25-99C0-98448A3C524E}.Debug|Any CPU.Build.0 = Debug|Any CPU
		{8C13A41D-6B83-4D25-99C0-98448A3C524E}.Release|Any CPU.ActiveCfg = Release|Any CPU
		{8C13A41D-6B83-4D25-99C0-98448A3C524E}.Release|Any CPU.Build.0 = Release|Any CPU
	EndGlobalSection
	GlobalSection(NestedProjects) = preSolution
		{72969D8F-BC9B-475B-A494-241D536AC779} = {D28785D8-D57D-4DA8-BAF4-D9EF5C5DDDC0}
		{8A77EC1B-E0EB-4F72-9130-4F1AF69544E9} = {D28785D8-D57D-4DA8-BAF4-D9EF5C5DDDC0}
		{0153B2CA-66A5-4541-818B-0DE7F90DAF43} = {2BCDD6C2-A9A7-465A-8854-73F8287D0117}
		{8C13A41D-6B83-4D25-99C0-98448A3C524E} = {2BCDD6C2-A9A7-465A-8854-73F8287D0117}
	EndGlobalSection
EndGlobal
